github.com/sunshineplan/node v1.0.3 h1:qjUaYgjnhmmHOZ4njKNUuvVH3039BYHJQGPTrc9pWkI=
github.com/sunshineplan/node v1.0.3/go.mod h1:H0S1dCxaxxy4Q1qDDtyeX9a66+ca1lD0ppPD1hS7UTw=
golang.org/x/net v0.10.0 h1:X2//UzNDwYmtCLn7To6G58Wr6f5ahEAQgKNzv9Y951M=
golang.org/x/net v0.10.0/go.mod h1:0qNGK6F8kojg2nk9dLZ2mShWaEBan6FAoqfSigmmuDg=
